
Microsoft Visual Studio Solution File, Format Version 12.00
# Visual Studio Version 17
VisualStudioVersion = 17.10.35013.160
MinimumVisualStudioVersion = 10.0.40219.1
Project("{FAE04EC0-301F-11D3-BF4B-00C04F79EFBC}") = "DDOT.MPS.Permit.Api", "DDOT.MPS.Permit.Api\DDOT.MPS.Permit.Api.csproj", "{93D21B20-38D5-4330-85E1-EA3F1DDE0610}"
EndProject
Project("{FAE04EC0-301F-11D3-BF4B-00C04F79EFBC}") = "DDOT.MPS.Permit.Core", "DDOT.MPS.Permit.Core\DDOT.MPS.Permit.Core.csproj", "{E940BD81-7F81-4EE3-BC2D-168A3C3B19EE}"
EndProject
Project("{FAE04EC0-301F-11D3-BF4B-00C04F79EFBC}") = "DDOT.MPS.Permit.DataAccess", "DDOT.MPS.Permit.DataAccess\DDOT.MPS.Permit.DataAccess.csproj", "{D59DDEFD-E78C-4282-B254-866BD60DEC47}"
EndProject
Project("{FAE04EC0-301F-11D3-BF4B-00C04F79EFBC}") = "DDOT.MPS.Permit.Model", "DDOT.MPS.Permit.Model\DDOT.MPS.Permit.Model.csproj", "{4FE2A379-8790-4417-B0DB-060D2E1D869A}"
EndProject
Project("{FAE04EC0-301F-11D3-BF4B-00C04F79EFBC}") = "DDOT.MPS.Permit.Test", "DDOT.MPS.Permit.Test\DDOT.MPS.Permit.Test.csproj", "{76B2541F-5D7D-44BA-B0EF-43E2A8833EF1}"
EndProject
Global
	GlobalSection(SolutionConfigurationPlatforms) = preSolution
		Debug|Any CPU = Debug|Any CPU
		Release|Any CPU = Release|Any CPU
	EndGlobalSection
	GlobalSection(ProjectConfigurationPlatforms) = postSolution
		{93D21B20-38D5-4330-85E1-EA3F1DDE0610}.Debug|Any CPU.ActiveCfg = Debug|Any CPU
		{93D21B20-38D5-4330-85E1-EA3F1DDE0610}.Debug|Any CPU.Build.0 = Debug|Any CPU
		{93D21B20-38D5-4330-85E1-EA3F1DDE0610}.Release|Any CPU.ActiveCfg = Release|Any CPU
		{93D21B20-38D5-4330-85E1-EA3F1DDE0610}.Release|Any CPU.Build.0 = Release|Any CPU
		{E940BD81-7F81-4EE3-BC2D-168A3C3B19EE}.Debug|Any CPU.ActiveCfg = Debug|Any CPU
		{E940BD81-7F81-4EE3-BC2D-168A3C3B19EE}.Debug|Any CPU.Build.0 = Debug|Any CPU
		{E940BD81-7F81-4EE3-BC2D-168A3C3B19EE}.Release|Any CPU.ActiveCfg = Release|Any CPU
		{E940BD81-7F81-4EE3-BC2D-168A3C3B19EE}.Release|Any CPU.Build.0 = Release|Any CPU
		{D59DDEFD-E78C-4282-B254-866BD60DEC47}.Debug|Any CPU.ActiveCfg = Debug|Any CPU
		{D59DDEFD-E78C-4282-B254-866BD60DEC47}.Debug|Any CPU.Build.0 = Debug|Any CPU
		{D59DDEFD-E78C-4282-B254-866BD60DEC47}.Release|Any CPU.ActiveCfg = Release|Any CPU
		{D59DDEFD-E78C-4282-B254-866BD60DEC47}.Release|Any CPU.Build.0 = Release|Any CPU
		{4FE2A379-8790-4417-B0DB-060D2E1D869A}.Debug|Any CPU.ActiveCfg = Debug|Any CPU
		{4FE2A379-8790-4417-B0DB-060D2E1D869A}.Debug|Any CPU.Build.0 = Debug|Any CPU
		{4FE2A379-8790-4417-B0DB-060D2E1D869A}.Release|Any CPU.ActiveCfg = Release|Any CPU
		{4FE2A379-8790-4417-B0DB-060D2E1D869A}.Release|Any CPU.Build.0 = Release|Any CPU
		{76B2541F-5D7D-44BA-B0EF-43E2A8833EF1}.Debug|Any CPU.ActiveCfg = Debug|Any CPU
		{76B2541F-5D7D-44BA-B0EF-43E2A8833EF1}.Debug|Any CPU.Build.0 = Debug|Any CPU
		{76B2541F-5D7D-44BA-B0EF-43E2A8833EF1}.Release|Any CPU.ActiveCfg = Release|Any CPU
		{76B2541F-5D7D-44BA-B0EF-43E2A8833EF1}.Release|Any CPU.Build.0 = Release|Any CPU
	EndGlobalSection
	GlobalSection(SolutionProperties) = preSolution
		HideSolutionNode = FALSE
	EndGlobalSection
	GlobalSection(ExtensibilityGlobals) = postSolution
		SolutionGuid = {7F6DD2C3-C8A8-4997-9D2C-60E5629B5070}
	EndGlobalSection
EndGlobal
